
Microsoft Visual Studio Solution File, Format Version 12.00
# Visual Studio Version 16
VisualStudioVersion = 16.0.30204.135
MinimumVisualStudioVersion = 10.0.40219.1
Project("{FAE04EC0-301F-11D3-BF4B-00C04F79EFBC}") = "Library Management System", "Library Management System\Library Management System.csproj", "{7FA31BF9-D988-47DF-BC15-89E03AF9DF8D}"
EndProject
Global
	GlobalSection(SolutionConfigurationPlatforms) = preSolution
		Debug|Any CPU = Debug|Any CPU
		Release|Any CPU = Release|Any CPU
	EndGlobalSection
	GlobalSection(ProjectConfigurationPlatforms) = postSolution
		{7FA31BF9-D988-47DF-BC15-89E03AF9DF8D}.Debug|Any CPU.ActiveCfg = Debug|Any CPU
		{7FA31BF9-D988-47DF-BC15-89E03AF9DF8D}.Debug|Any CPU.Build.0 = Debug|Any CPU
		{7FA31BF9-D988-47DF-BC15-89E03AF9DF8D}.Release|Any CPU.ActiveCfg = Release|Any CPU
		{7FA31BF9-D988-47DF-BC15-89E03AF9DF8D}.Release|Any CPU.Build.0 = Release|Any CPU
	EndGlobalSection
	GlobalSection(SolutionProperties) = preSolution
		HideSolutionNode = FALSE
	EndGlobalSection
	GlobalSection(ExtensibilityGlobals) = postSolution
		SolutionGuid = {E974A10C-0607-468C-A214-315EB59E8AB4}
	EndGlobalSection
EndGlobal
